{
  "version": 4,
  "terraform_version": "1.0.7",
  "serial": 5,
  "lineage": "f2e7ca1d9c6be5aba22221e4d1abfb34a3ddf356",
  "outputs": {},
  "resources": [
    {
      "mode": "managed",
      "type": "google_container_cluster",
      "name": "primary",
      "provider": "provider[\"registry.terraform.io/hashicorp/google\"]",
      "instances": [
        {
          "schema_version": 1,
          "attributes": {
            "additional_zones": [],
            "addons_config": [
              {
                "horizontal_pod_autoscaling": [],
                "http_load_balancing": [],
                "kubernetes_dashboard": [],
                "network_policy_config": [
                  {
                    "disabled": true
                  }
                ]
              }
            ],
            "authenticator_groups_config": [],
            "cluster_autoscaling": [
              {
                "auto_provisioning_defaults": [],
                "enabled": false,
                "resource_limits": []
              }
            ],
            "cluster_ipv4_cidr": "10.72.0.0/14",
            "default_max_pods_per_node": 110,
            "description": "",
            "enable_binary_authorization": null,
            "enable_intranode_visibility": null,
            "enable_kubernetes_alpha": false,
            "enable_legacy_abac": false,
            "enable_tpu": null,
            "endpoint": "34.131.21.136",
            "id": "projects/sre-bootcamp-328203/locations/asia-south2-a/clusters/prod-cluster",
            "initial_node_count": 4,
            "instance_group_urls": [
              "https://www.googleapis.com/compute/v1/projects/sre-bootcamp-328203/zones/asia-south2-a/instanceGroups/gke-prod-cluster-default-pool-be785a2d-grp"
            ],
            "ip_allocation_policy": [
              {
                "cluster_ipv4_cidr_block": "10.72.0.0/14",
                "cluster_secondary_range_name": "gke-prod-cluster-pods-58ee1bfc",
                "create_subnetwork": false,
                "node_ipv4_cidr_block": "",
                "services_ipv4_cidr_block": "10.76.0.0/20",
                "services_secondary_range_name": "gke-prod-cluster-services-58ee1bfc",
                "subnetwork_name": "",
                "use_ip_aliases": false
              }
            ],
            "location": "asia-south2-a",
            "logging_service": "logging.googleapis.com/kubernetes",
            "maintenance_policy": [],
            "master_auth": [
              {
                "client_certificate": "",
                "client_certificate_config": [
                  {
                    "issue_client_certificate": false
                  }
                ],
                "client_key": "",
                "cluster_ca_certificate": "LS0tLS1CRUdJTiBDRVJUSUZJQ0FURS0tLS0tCk1JSUVMVENDQXBXZ0F3SUJBZ0lSQU9ReWJneVppVjdidHI4VlZwUk1iUm93RFFZSktvWklodmNOQVFFTEJRQXcKTHpFdE1Dc0dBMVVFQXhNa1pERmhZVFEwTURBdE56WTRaaTAwTW1FekxXSTROall0TW1Oa05tVmhZekl5T0RsagpNQ0FYRFRJeE1UQXdOekE1TXpFME0xb1lEekl3TlRFd09UTXdNVEF6TVRReldqQXZNUzB3S3dZRFZRUURFeVJrCk1XRmhORFF3TUMwM05qaG1MVFF5WVRNdFlqZzJOaTB5WTJRMlpXRmpNakk0T1dNd2dnR2lNQTBHQ1NxR1NJYjMKRFFFQkFRVUFBNElCandBd2dnR0tBb0lCZ1FETGNVODBPTGpXV2doTWxCeDdrNFFQRW9oMFFBWTdET21kUndsTwp2NEhOcit4K0l0UmtxRjB5VHpxMkhSMzdDWFZiaC9EcklJRkRCZU41aVFWK0VTQUpXajRwVjdacjRaQTk5R3lsCmMrUDg0WlVVQ1k1N1BVL3hrTnhuZndxei9wazhyRXVXejVWREYxS3ZtSWlaamZWeVQ5cE5HenlKSVljZU5FSlQKNTBoVGhrYStvRVNSR29BcFpYejg0Z2NYa2cyazhHOTNDZXJlazUyTzhhbXpIKzV5QW9INU9vMElqQ2RNdjhzRwpWQVRnWFBWUUNvYWc3U0lVN1dZTEozNElTQlhxaFlHdEJMR2xWbitOcFduaGVaU0huUEFmSGozd29mRmF1NG4xCk1PV0lCUmgxUUhIQW9kTndUbm9qR2tMVkMveXhKUnFXMkNEaWwxQ0Y4MzFYeXJvKzFXak1iZDJ6S09iY3diVVEKMkszYnhHVUxVRGh0QUNWTi82Nmo1WDNPK1hjMk5jb0pvNHRjSG82c0JMUGtzWDVSODM0OGp5Tk5kdWpkNVorUQp6aWNqaE9DQzBWVVJOcnJJY1k5VFk5UGhNU1g2Vkt4cXc0NFVSbmZ0bVBkL21CK1dsL0t5ZkU3NE1nbFpOZDhZCnVxNVdsakZ6aVN3SzI1dCtndmhWYXlCVm1nVUNBd0VBQWFOQ01FQXdEZ1lEVlIwUEFRSC9CQVFEQWdJRU1BOEcKQTFVZEV3RUIvd1FGTUFNQkFmOHdIUVlEVlIwT0JCWUVGTmZlVGhTYmxMQTRMVkRBRktCSTNNRmhJMUhvTUEwRwpDU3FHU0liM0RRRUJDd1VBQTRJQmdRQXNGYm0rV2RUcmNOcmM0VTlZTDQ0TmordEo1ZE0yUFJKY2VVUWpEdXNOCmYwNGQvdjhpT1EvNjFTb3hIQ3NQM2lrTERQQmhMV1Rma2FRR2dINnJoUkVRVlFaeXBIWmE5VGZGZW1na2J3aXgKYlhCMEZzakpSWWk4eFlkMHg0YkhBb0tLTU52MGlmaldIdDZTdkZqSStNN3hCdUlBL3lzbkZObkUxaEFXcUNvdApaNWJFODZ4cjRHWWoxdFRaVllIODZGTHl4MDlvYzhtR2FvWGNxSTRvT0hCdHl4RnFpSFpORmJHcGR3OG9XWHNFCm9taDlPMXJObzd4bGNqK1FycFpabkpuSm9ramlOOWZVQ2tOWTRnUWYyS1BkMHZxTlZwYUdtZG1GNnRUdXEweUIKUHNuL1ZXeEwvT0lkWTJLWm5MbjR4K0V4dlI1REgzc3BQWkxqdmVkdjEzV016amJsdlRYanhqMiswNzUvSEdoaApDZ1FkblQvVld2STJXUHpBWFF4bkZCZ0RVUW5mSjlNTi81MFVzeDlQS050czRCWVlMNFV1QWFncVFlWC9sVVgwClRXbWJlcWIyenp1TmZUbVNlUVF6NkcveitvM0o5WGx6Yk9OTW84TFVaWlJzNUloelFSOHdHRm5hVWFDM2NWTlgKenlHS3NvSTAyV0V2VDlZampLTHdLMjQ9Ci0tLS0tRU5EIENFUlRJRklDQVRFLS0tLS0K",
                "password": "",
                "username": ""
              }
            ],
            "master_authorized_networks_config": [],
            "master_version": "1.20.9-gke.1001",
            "min_master_version": null,
            "monitoring_service": "monitoring.googleapis.com/kubernetes",
            "name": "prod-cluster",
            "network": "projects/sre-bootcamp-328203/global/networks/default",
            "network_policy": [
              {
                "enabled": false,
                "provider": "PROVIDER_UNSPECIFIED"
              }
            ],
            "node_config": [
              {
                "disk_size_gb": 100,
                "disk_type": "pd-standard",
                "guest_accelerator": [],
                "image_type": "COS_CONTAINERD",
                "labels": {},
                "local_ssd_count": 0,
                "machine_type": "e2-medium",
                "metadata": {
                  "disable-legacy-endpoints": "true"
                },
                "min_cpu_platform": "",
                "oauth_scopes": [
                  "https://www.googleapis.com/auth/devstorage.read_only",
                  "https://www.googleapis.com/auth/logging.write",
                  "https://www.googleapis.com/auth/monitoring",
                  "https://www.googleapis.com/auth/service.management.readonly",
                  "https://www.googleapis.com/auth/servicecontrol",
                  "https://www.googleapis.com/auth/trace.append"
                ],
                "preemptible": false,
                "sandbox_config": [],
                "service_account": "default",
                "shielded_instance_config": [
                  {
                    "enable_integrity_monitoring": true,
                    "enable_secure_boot": false
                  }
                ],
                "tags": [],
                "taint": [],
                "workload_metadata_config": []
              }
            ],
            "node_locations": [],
            "node_pool": [
              {
                "autoscaling": [],
                "initial_node_count": 4,
                "instance_group_urls": [
                  "https://www.googleapis.com/compute/v1/projects/sre-bootcamp-328203/zones/asia-south2-a/instanceGroupManagers/gke-prod-cluster-default-pool-be785a2d-grp"
                ],
                "management": [
                  {
                    "auto_repair": true,
                    "auto_upgrade": true
                  }
                ],
                "max_pods_per_node": 110,
                "name": "default-pool",
                "name_prefix": "",
                "node_config": [
                  {
                    "disk_size_gb": 100,
                    "disk_type": "pd-standard",
                    "guest_accelerator": [],
                    "image_type": "COS_CONTAINERD",
                    "labels": {},
                    "local_ssd_count": 0,
                    "machine_type": "e2-medium",
                    "metadata": {
                      "disable-legacy-endpoints": "true"
                    },
                    "min_cpu_platform": "",
                    "oauth_scopes": [
                      "https://www.googleapis.com/auth/devstorage.read_only",
                      "https://www.googleapis.com/auth/logging.write",
                      "https://www.googleapis.com/auth/monitoring",
                      "https://www.googleapis.com/auth/service.management.readonly",
                      "https://www.googleapis.com/auth/servicecontrol",
                      "https://www.googleapis.com/auth/trace.append"
                    ],
                    "preemptible": false,
                    "sandbox_config": [],
                    "service_account": "default",
                    "shielded_instance_config": [
                      {
                        "enable_integrity_monitoring": true,
                        "enable_secure_boot": false
                      }
                    ],
                    "tags": [],
                    "taint": [],
                    "workload_metadata_config": []
                  }
                ],
                "node_count": 4,
                "version": "1.20.9-gke.1001"
              }
            ],
            "node_version": "1.20.9-gke.1001",
            "operation": null,
            "pod_security_policy_config": null,
            "private_cluster_config": [],
            "project": "sre-bootcamp-328203",
            "region": null,
            "remove_default_node_pool": null,
            "resource_labels": null,
            "services_ipv4_cidr": "10.76.0.0/20",
            "subnetwork": "projects/sre-bootcamp-328203/regions/asia-south2/subnetworks/default",
            "timeouts": null,
            "vertical_pod_autoscaling": [],
            "zone": null
          },
          "sensitive_attributes": [],
          "private": "eyJlMmJmYjczMC1lY2FhLTExZTYtOGY4OC0zNDM2M2JjN2M0YzAiOnsiY3JlYXRlIjoyNDAwMDAwMDAwMDAwLCJkZWxldGUiOjI0MDAwMDAwMDAwMDAsInVwZGF0ZSI6MzYwMDAwMDAwMDAwMH0sInNjaGVtYV92ZXJzaW9uIjoiMSJ9"
        }
      ]
    }
  ]
}
