{
  "version": 4,
  "terraform_version": "1.0.7",
  "serial": 5,
  "lineage": "f2e7ca1d9c6be5aba22221e4d1abfb34a3ddf356",
  "outputs": {},
  "resources": [
    {
      "mode": "managed",
      "type": "google_container_cluster",
      "name": "primary",
      "provider": "provider[\"registry.terraform.io/hashicorp/google\"]",
      "instances": [
        {
          "schema_version": 1,
          "attributes": {
            "additional_zones": [],
            "addons_config": [
              {
                "horizontal_pod_autoscaling": [],
                "http_load_balancing": [],
                "kubernetes_dashboard": [],
                "network_policy_config": [
                  {
                    "disabled": true
                  }
                ]
              }
            ],
            "authenticator_groups_config": [],
            "cluster_autoscaling": [
              {
                "auto_provisioning_defaults": [],
                "enabled": false,
                "resource_limits": []
              }
            ],
            "cluster_ipv4_cidr": "10.16.0.0/14",
            "default_max_pods_per_node": 110,
            "description": "",
            "enable_binary_authorization": null,
            "enable_intranode_visibility": null,
            "enable_kubernetes_alpha": false,
            "enable_legacy_abac": false,
            "enable_tpu": null,
            "endpoint": "34.134.240.191",
            "id": "projects/sre-bootcamp-328203/locations/us-central1-a/clusters/dr-cluster",
            "initial_node_count": 4,
            "instance_group_urls": [
              "https://www.googleapis.com/compute/v1/projects/sre-bootcamp-328203/zones/us-central1-a/instanceGroups/gke-dr-cluster-default-pool-dcf775c5-grp"
            ],
            "ip_allocation_policy": [
              {
                "cluster_ipv4_cidr_block": "10.16.0.0/14",
                "cluster_secondary_range_name": "gke-dr-cluster-pods-8641640c",
                "create_subnetwork": false,
                "node_ipv4_cidr_block": "",
                "services_ipv4_cidr_block": "10.20.0.0/20",
                "services_secondary_range_name": "gke-dr-cluster-services-8641640c",
                "subnetwork_name": "",
                "use_ip_aliases": false
              }
            ],
            "location": "us-central1-a",
            "logging_service": "logging.googleapis.com/kubernetes",
            "maintenance_policy": [],
            "master_auth": [
              {
                "client_certificate": "",
                "client_certificate_config": [
                  {
                    "issue_client_certificate": false
                  }
                ],
                "client_key": "",
                "cluster_ca_certificate": "LS0tLS1CRUdJTiBDRVJUSUZJQ0FURS0tLS0tCk1JSUVMVENDQXBXZ0F3SUJBZ0lSQU1mR3hFclE4OGZZODBZemRTdEVvK3d3RFFZSktvWklodmNOQVFFTEJRQXcKTHpFdE1Dc0dBMVVFQXhNa1pHUmxaVEptWVdRdE5qTXlNeTAwWWpnM0xUazNORE10WWpkbE0yVXhNREZsWkRZNApNQ0FYRFRJeE1UQXdOekE1TkRFME9Wb1lEekl3TlRFd09UTXdNVEEwTVRRNVdqQXZNUzB3S3dZRFZRUURFeVJrClpHVmxNbVpoWkMwMk16SXpMVFJpT0RjdE9UYzBNeTFpTjJVelpURXdNV1ZrTmpnd2dnR2lNQTBHQ1NxR1NJYjMKRFFFQkFRVUFBNElCandBd2dnR0tBb0lCZ1FEV1NRT0tCTnRVMzFPeWhiZkFhbENCS2xQYi90d0xZREhzenpMRwpqT2hDendrY0MveTJaU3g3U29rK1preERRRS9TOXhvclVHSC9nT3RZY3R3eWhrY2o2LzVyY2FSTWxDam9JYTFWCmE0M0R1aERQbm02Y0RNdE9tN2pMcEl1alRGSWFkUDk1Z2MwRVR2c0dGNkJoY3RXdmVVa3pEa2FaeFlkZ0JDVmEKN21mVldGeUNKU0lDSlBFcUl4N3BSbXFCMkpUNnRuajRWYXQzNnNwMTFxeStoQ2VRM1R6TGJ3K20xL1lYK1RLVApnbWNXMVJTOHZSbEUrcFNVSlZDMEhuTEVlbTdJNkdZOWoybGdPY1B3WTBXRENjdkVZU1QrQkdzT2xMcVhGMTN3ClZOY1FUT29MNHJiNHVMYmJDQmVzUFNKVjg3d0N4VUZ1YUVKUEVUR3YrU1hQZnlIZEJQSFdMU0xpZmtPbm5zQVcKdGVTYmgzUExpVGpiQjBWSHhmdml1NlRodFY3dDJpTWoxejRyQ1RZU1B4ckZFc3p0ZFhnc21nc2JzdHFqbk1OdgppV1pDcU9NaFdBNWtBeXdZSURqQWRHajBSM1hBSzRmU0UwZmtiVTJVSkdKMmJ1ajlvOUVDTi8rWWZ4N2x0eVpaCm9PN2d3ekhWeXU2WU5jWDhCNGRwOStVdG10RUNBd0VBQWFOQ01FQXdEZ1lEVlIwUEFRSC9CQVFEQWdJRU1BOEcKQTFVZEV3RUIvd1FGTUFNQkFmOHdIUVlEVlIwT0JCWUVGTk5Sd0o5bTZaMUc2UjVQZWZqdVc3a295VnVCTUEwRwpDU3FHU0liM0RRRUJDd1VBQTRJQmdRQld5MG1UQlI5VHVZbkxWTGRmYmNiTUdiUFJZOWdHOVBLelpWR1dGZURZCk9ublJXNmZ5ekQ5OVY1TWt6Rm93ajM4WXRFcW5MVk0yOEdSamhZSlFtOEJraW5hc0w1UFFuL3BNY0EzbThkMEYKVW52dUlsVk02Y0NvQ3FSaHRDbVZsT01mMjJ2NitzVkZ2TkhZelhLTHV1UWhPYTdITEc3RzlqbGVra2ZIOHZQZgoySDljMm8xY3p1ekFBNFZ0ekw1R1lLNW9oa2UwWGQ5TUNoZCsvZXlaVjJ0aFBwYStUeEZmMk01d2JTbS96cGpoClRWVTlUVmpyWi81SXZncnZvWDFQbUptNXR5SUtMMDNRQUcwMUN0UXdJdE5GZHFDQXh3UDFNb3FQSU1HTndGYVgKWDB5U1dqSXd6d2tRaGhyMGFQeHhuS05hRXdDSU9SbHcxT0Nnckx6TmZlNDVNdDZyYWJsS2tvTXlkaSt3Ung0SQozVmtubXViV2drd09XTmNzYXJ0M1JZSVE0RFoxU1k2NldpVmlPMEUyeVhTS2cxMWhlQ09nY0RpZzkyL2RPZnZwCnFXb3lQVVVSZmFrR2U0TkQxTWR1NDBVZU5IOGtPS1NTZUZWRzZ1a1lyMVZ5bEsvRFVQZ1NrQ1h4SDJlSkxBZWYKUWJBSGMxTWFVcHJWSmJTcHdKTjdTYlE9Ci0tLS0tRU5EIENFUlRJRklDQVRFLS0tLS0K",
                "password": "",
                "username": ""
              }
            ],
            "master_authorized_networks_config": [],
            "master_version": "1.20.9-gke.1001",
            "min_master_version": null,
            "monitoring_service": "monitoring.googleapis.com/kubernetes",
            "name": "dr-cluster",
            "network": "projects/sre-bootcamp-328203/global/networks/default",
            "network_policy": [
              {
                "enabled": false,
                "provider": "PROVIDER_UNSPECIFIED"
              }
            ],
            "node_config": [
              {
                "disk_size_gb": 100,
                "disk_type": "pd-standard",
                "guest_accelerator": [],
                "image_type": "COS_CONTAINERD",
                "labels": {},
                "local_ssd_count": 0,
                "machine_type": "e2-medium",
                "metadata": {
                  "disable-legacy-endpoints": "true"
                },
                "min_cpu_platform": "",
                "oauth_scopes": [
                  "https://www.googleapis.com/auth/devstorage.read_only",
                  "https://www.googleapis.com/auth/logging.write",
                  "https://www.googleapis.com/auth/monitoring",
                  "https://www.googleapis.com/auth/service.management.readonly",
                  "https://www.googleapis.com/auth/servicecontrol",
                  "https://www.googleapis.com/auth/trace.append"
                ],
                "preemptible": false,
                "sandbox_config": [],
                "service_account": "default",
                "shielded_instance_config": [
                  {
                    "enable_integrity_monitoring": true,
                    "enable_secure_boot": false
                  }
                ],
                "tags": [],
                "taint": [],
                "workload_metadata_config": []
              }
            ],
            "node_locations": [],
            "node_pool": [
              {
                "autoscaling": [],
                "initial_node_count": 4,
                "instance_group_urls": [
                  "https://www.googleapis.com/compute/v1/projects/sre-bootcamp-328203/zones/us-central1-a/instanceGroupManagers/gke-dr-cluster-default-pool-dcf775c5-grp"
                ],
                "management": [
                  {
                    "auto_repair": true,
                    "auto_upgrade": true
                  }
                ],
                "max_pods_per_node": 110,
                "name": "default-pool",
                "name_prefix": "",
                "node_config": [
                  {
                    "disk_size_gb": 100,
                    "disk_type": "pd-standard",
                    "guest_accelerator": [],
                    "image_type": "COS_CONTAINERD",
                    "labels": {},
                    "local_ssd_count": 0,
                    "machine_type": "e2-medium",
                    "metadata": {
                      "disable-legacy-endpoints": "true"
                    },
                    "min_cpu_platform": "",
                    "oauth_scopes": [
                      "https://www.googleapis.com/auth/devstorage.read_only",
                      "https://www.googleapis.com/auth/logging.write",
                      "https://www.googleapis.com/auth/monitoring",
                      "https://www.googleapis.com/auth/service.management.readonly",
                      "https://www.googleapis.com/auth/servicecontrol",
                      "https://www.googleapis.com/auth/trace.append"
                    ],
                    "preemptible": false,
                    "sandbox_config": [],
                    "service_account": "default",
                    "shielded_instance_config": [
                      {
                        "enable_integrity_monitoring": true,
                        "enable_secure_boot": false
                      }
                    ],
                    "tags": [],
                    "taint": [],
                    "workload_metadata_config": []
                  }
                ],
                "node_count": 4,
                "version": "1.20.9-gke.1001"
              }
            ],
            "node_version": "1.20.9-gke.1001",
            "operation": null,
            "pod_security_policy_config": null,
            "private_cluster_config": [],
            "project": "sre-bootcamp-328203",
            "region": null,
            "remove_default_node_pool": null,
            "resource_labels": null,
            "services_ipv4_cidr": "10.20.0.0/20",
            "subnetwork": "projects/sre-bootcamp-328203/regions/us-central1/subnetworks/default",
            "timeouts": null,
            "vertical_pod_autoscaling": [],
            "zone": null
          },
          "sensitive_attributes": [],
          "private": "eyJlMmJmYjczMC1lY2FhLTExZTYtOGY4OC0zNDM2M2JjN2M0YzAiOnsiY3JlYXRlIjoyNDAwMDAwMDAwMDAwLCJkZWxldGUiOjI0MDAwMDAwMDAwMDAsInVwZGF0ZSI6MzYwMDAwMDAwMDAwMH0sInNjaGVtYV92ZXJzaW9uIjoiMSJ9"
        }
      ]
    }
  ]
}
